
Microsoft Visual Studio Solution File, Format Version 12.00
# Visual Studio 15
VisualStudioVersion = 15.0.28307.1778
MinimumVisualStudioVersion = 10.0.40219.1
Project("{FAE04EC0-301F-11D3-BF4B-00C04F79EFBC}") = "StockStrategy", "StockStrategy\StockStrategy.csproj", "{125FFFDD-4332-40BD-98DD-3C810C34D2FD}"
EndProject
Project("{FAE04EC0-301F-11D3-BF4B-00C04F79EFBC}") = "WebApiService", "WebApiService\WebApiService.csproj", "{8451D050-5E96-47D3-B8D6-6F64D594F0B4}"
EndProject
Project("{FAE04EC0-301F-11D3-BF4B-00C04F79EFBC}") = "DataModel", "DataModel\DataModel.csproj", "{4E7BE054-9D0A-4B1B-810B-7404ABFB9DA7}"
EndProject
Global
	GlobalSection(SolutionConfigurationPlatforms) = preSolution
		Debug|Any CPU = Debug|Any CPU
		Debug|ARM = Debug|ARM
		Debug|ARM64 = Debug|ARM64
		Debug|x64 = Debug|x64
		Debug|x86 = Debug|x86
		Release|Any CPU = Release|Any CPU
		Release|ARM = Release|ARM
		Release|ARM64 = Release|ARM64
		Release|x64 = Release|x64
		Release|x86 = Release|x86
	EndGlobalSection
	GlobalSection(ProjectConfigurationPlatforms) = postSolution
		{125FFFDD-4332-40BD-98DD-3C810C34D2FD}.Debug|Any CPU.ActiveCfg = Debug|Any CPU
		{125FFFDD-4332-40BD-98DD-3C810C34D2FD}.Debug|Any CPU.Build.0 = Debug|Any CPU
		{125FFFDD-4332-40BD-98DD-3C810C34D2FD}.Debug|ARM.ActiveCfg = Debug|Any CPU
		{125FFFDD-4332-40BD-98DD-3C810C34D2FD}.Debug|ARM.Build.0 = Debug|Any CPU
		{125FFFDD-4332-40BD-98DD-3C810C34D2FD}.Debug|ARM64.ActiveCfg = Debug|Any CPU
		{125FFFDD-4332-40BD-98DD-3C810C34D2FD}.Debug|ARM64.Build.0 = Debug|Any CPU
		{125FFFDD-4332-40BD-98DD-3C810C34D2FD}.Debug|x64.ActiveCfg = Debug|Any CPU
		{125FFFDD-4332-40BD-98DD-3C810C34D2FD}.Debug|x64.Build.0 = Debug|Any CPU
		{125FFFDD-4332-40BD-98DD-3C810C34D2FD}.Debug|x86.ActiveCfg = Debug|Any CPU
		{125FFFDD-4332-40BD-98DD-3C810C34D2FD}.Debug|x86.Build.0 = Debug|Any CPU
		{125FFFDD-4332-40BD-98DD-3C810C34D2FD}.Release|Any CPU.ActiveCfg = Release|Any CPU
		{125FFFDD-4332-40BD-98DD-3C810C34D2FD}.Release|Any CPU.Build.0 = Release|Any CPU
		{125FFFDD-4332-40BD-98DD-3C810C34D2FD}.Release|ARM.ActiveCfg = Release|Any CPU
		{125FFFDD-4332-40BD-98DD-3C810C34D2FD}.Release|ARM.Build.0 = Release|Any CPU
		{125FFFDD-4332-40BD-98DD-3C810C34D2FD}.Release|ARM64.ActiveCfg = Release|Any CPU
		{125FFFDD-4332-40BD-98DD-3C810C34D2FD}.Release|ARM64.Build.0 = Release|Any CPU
		{125FFFDD-4332-40BD-98DD-3C810C34D2FD}.Release|x64.ActiveCfg = Release|Any CPU
		{125FFFDD-4332-40BD-98DD-3C810C34D2FD}.Release|x64.Build.0 = Release|Any CPU
		{125FFFDD-4332-40BD-98DD-3C810C34D2FD}.Release|x86.ActiveCfg = Release|Any CPU
		{125FFFDD-4332-40BD-98DD-3C810C34D2FD}.Release|x86.Build.0 = Release|Any CPU
		{8451D050-5E96-47D3-B8D6-6F64D594F0B4}.Debug|Any CPU.ActiveCfg = Debug|Any CPU
		{8451D050-5E96-47D3-B8D6-6F64D594F0B4}.Debug|Any CPU.Build.0 = Debug|Any CPU
		{8451D050-5E96-47D3-B8D6-6F64D594F0B4}.Debug|ARM.ActiveCfg = Debug|Any CPU
		{8451D050-5E96-47D3-B8D6-6F64D594F0B4}.Debug|ARM.Build.0 = Debug|Any CPU
		{8451D050-5E96-47D3-B8D6-6F64D594F0B4}.Debug|ARM64.ActiveCfg = Debug|Any CPU
		{8451D050-5E96-47D3-B8D6-6F64D594F0B4}.Debug|ARM64.Build.0 = Debug|Any CPU
		{8451D050-5E96-47D3-B8D6-6F64D594F0B4}.Debug|x64.ActiveCfg = Debug|Any CPU
		{8451D050-5E96-47D3-B8D6-6F64D594F0B4}.Debug|x64.Build.0 = Debug|Any CPU
		{8451D050-5E96-47D3-B8D6-6F64D594F0B4}.Debug|x86.ActiveCfg = Debug|Any CPU
		{8451D050-5E96-47D3-B8D6-6F64D594F0B4}.Debug|x86.Build.0 = Debug|Any CPU
		{8451D050-5E96-47D3-B8D6-6F64D594F0B4}.Release|Any CPU.ActiveCfg = Release|Any CPU
		{8451D050-5E96-47D3-B8D6-6F64D594F0B4}.Release|Any CPU.Build.0 = Release|Any CPU
		{8451D050-5E96-47D3-B8D6-6F64D594F0B4}.Release|ARM.ActiveCfg = Release|Any CPU
		{8451D050-5E96-47D3-B8D6-6F64D594F0B4}.Release|ARM.Build.0 = Release|Any CPU
		{8451D050-5E96-47D3-B8D6-6F64D594F0B4}.Release|ARM64.ActiveCfg = Release|Any CPU
		{8451D050-5E96-47D3-B8D6-6F64D594F0B4}.Release|ARM64.Build.0 = Release|Any CPU
		{8451D050-5E96-47D3-B8D6-6F64D594F0B4}.Release|x64.ActiveCfg = Release|Any CPU
		{8451D050-5E96-47D3-B8D6-6F64D594F0B4}.Release|x64.Build.0 = Release|Any CPU
		{8451D050-5E96-47D3-B8D6-6F64D594F0B4}.Release|x86.ActiveCfg = Release|Any CPU
		{8451D050-5E96-47D3-B8D6-6F64D594F0B4}.Release|x86.Build.0 = Release|Any CPU
		{4E7BE054-9D0A-4B1B-810B-7404ABFB9DA7}.Debug|Any CPU.ActiveCfg = Debug|Any CPU
		{4E7BE054-9D0A-4B1B-810B-7404ABFB9DA7}.Debug|Any CPU.Build.0 = Debug|Any CPU
		{4E7BE054-9D0A-4B1B-810B-7404ABFB9DA7}.Debug|ARM.ActiveCfg = Debug|Any CPU
		{4E7BE054-9D0A-4B1B-810B-7404ABFB9DA7}.Debug|ARM.Build.0 = Debug|Any CPU
		{4E7BE054-9D0A-4B1B-810B-7404ABFB9DA7}.Debug|ARM64.ActiveCfg = Debug|Any CPU
		{4E7BE054-9D0A-4B1B-810B-7404ABFB9DA7}.Debug|ARM64.Build.0 = Debug|Any CPU
		{4E7BE054-9D0A-4B1B-810B-7404ABFB9DA7}.Debug|x64.ActiveCfg = Debug|Any CPU
		{4E7BE054-9D0A-4B1B-810B-7404ABFB9DA7}.Debug|x64.Build.0 = Debug|Any CPU
		{4E7BE054-9D0A-4B1B-810B-7404ABFB9DA7}.Debug|x86.ActiveCfg = Debug|Any CPU
		{4E7BE054-9D0A-4B1B-810B-7404ABFB9DA7}.Debug|x86.Build.0 = Debug|Any CPU
		{4E7BE054-9D0A-4B1B-810B-7404ABFB9DA7}.Release|Any CPU.ActiveCfg = Release|Any CPU
		{4E7BE054-9D0A-4B1B-810B-7404ABFB9DA7}.Release|Any CPU.Build.0 = Release|Any CPU
		{4E7BE054-9D0A-4B1B-810B-7404ABFB9DA7}.Release|ARM.ActiveCfg = Release|Any CPU
		{4E7BE054-9D0A-4B1B-810B-7404ABFB9DA7}.Release|ARM.Build.0 = Release|Any CPU
		{4E7BE054-9D0A-4B1B-810B-7404ABFB9DA7}.Release|ARM64.ActiveCfg = Release|Any CPU
		{4E7BE054-9D0A-4B1B-810B-7404ABFB9DA7}.Release|ARM64.Build.0 = Release|Any CPU
		{4E7BE054-9D0A-4B1B-810B-7404ABFB9DA7}.Release|x64.ActiveCfg = Release|Any CPU
		{4E7BE054-9D0A-4B1B-810B-7404ABFB9DA7}.Release|x64.Build.0 = Release|Any CPU
		{4E7BE054-9D0A-4B1B-810B-7404ABFB9DA7}.Release|x86.ActiveCfg = Release|Any CPU
		{4E7BE054-9D0A-4B1B-810B-7404ABFB9DA7}.Release|x86.Build.0 = Release|Any CPU
	EndGlobalSection
	GlobalSection(SolutionProperties) = preSolution
		HideSolutionNode = FALSE
	EndGlobalSection
	GlobalSection(ExtensibilityGlobals) = postSolution
		SolutionGuid = {A1EDAB8F-CB2E-46DA-A4D1-4097648A56FF}
	EndGlobalSection
EndGlobal
